
Microsoft Visual Studio Solution File, Format Version 12.00
# Visual Studio 2015
Project("{FAE04EC0-301F-11D3-BF4B-00C04F79EFBC}") = "Gicoone.CSharp", "Gicoone.CSharp.csproj", "{135A049D-D5B8-D393-F73C-21E5F8E096CF}"
EndProject
Global
	GlobalSection(SolutionConfigurationPlatforms) = preSolution
		Debug|Any CPU = Debug|Any CPU
		Release|Any CPU = Release|Any CPU
	EndGlobalSection
	GlobalSection(ProjectConfigurationPlatforms) = postSolution
		{135A049D-D5B8-D393-F73C-21E5F8E096CF}.Debug|Any CPU.ActiveCfg = Debug|Any CPU
		{135A049D-D5B8-D393-F73C-21E5F8E096CF}.Debug|Any CPU.Build.0 = Debug|Any CPU
		{135A049D-D5B8-D393-F73C-21E5F8E096CF}.Release|Any CPU.ActiveCfg = Release|Any CPU
		{135A049D-D5B8-D393-F73C-21E5F8E096CF}.Release|Any CPU.Build.0 = Release|Any CPU
	EndGlobalSection
	GlobalSection(SolutionProperties) = preSolution
		HideSolutionNode = FALSE
	EndGlobalSection
EndGlobal
